git.cmcode.dev/cmcode/uuid v0.0.1 h1:EeBhT7bPufbih43obmwa7jJBmPYKRNjCdRrw3Q9LDPE=
git.cmcode.dev/cmcode/uuid v0.0.1/go.mod h1:Ox5s2GqIMNmj/rAFMKuK56gS6miDJexeMiuiTMnYFCU=
github.com/teambition/rrule-go v1.8.2 h1:lIjpjvWTj9fFUZCmuoVDrKVOtdiyzbzc93qTmRVe/J8=
github.com/teambition/rrule-go v1.8.2/go.mod h1:Ieq5AbrKGciP1V//Wq8ktsTXwSwJHDD5mD/wLBGl3p4=
