github.com/charles-m-knox/go-uuid v0.0.2 h1:ypob7j0dpeBEXjy1q8mIrrdwxGg8LZOZfmiwPWx+gTw=
github.com/charles-m-knox/go-uuid v0.0.2/go.mod h1:8CiTxJeu4s4uLb8itbezDiO3qrmkk8s3nybi1E0JYrw=
github.com/teambition/rrule-go v1.8.2 h1:lIjpjvWTj9fFUZCmuoVDrKVOtdiyzbzc93qTmRVe/J8=
github.com/teambition/rrule-go v1.8.2/go.mod h1:Ieq5AbrKGciP1V//Wq8ktsTXwSwJHDD5mD/wLBGl3p4=
